
Microsoft Visual Studio Solution File, Format Version 12.00
# Visual Studio Version 17
VisualStudioVersion = 17.11.35327.3
MinimumVisualStudioVersion = 10.0.40219.1
Project("{9A19103F-16F7-4668-BE54-9A1E7A4F7556}") = "MyCitiesInfo.API", "MyCitiesInfo.API\MyCitiesInfo.API.csproj", "{9C4D1A42-794E-4D03-A164-22D48E557D40}"
EndProject
Global
	GlobalSection(SolutionConfigurationPlatforms) = preSolution
		Debug|Any CPU = Debug|Any CPU
		Release|Any CPU = Release|Any CPU
	EndGlobalSection
	GlobalSection(ProjectConfigurationPlatforms) = postSolution
		{9C4D1A42-794E-4D03-A164-22D48E557D40}.Debug|Any CPU.ActiveCfg = Debug|Any CPU
		{9C4D1A42-794E-4D03-A164-22D48E557D40}.Debug|Any CPU.Build.0 = Debug|Any CPU
		{9C4D1A42-794E-4D03-A164-22D48E557D40}.Release|Any CPU.ActiveCfg = Release|Any CPU
		{9C4D1A42-794E-4D03-A164-22D48E557D40}.Release|Any CPU.Build.0 = Release|Any CPU
	EndGlobalSection
	GlobalSection(SolutionProperties) = preSolution
		HideSolutionNode = FALSE
	EndGlobalSection
	GlobalSection(ExtensibilityGlobals) = postSolution
		SolutionGuid = {D56DE861-3543-4CDC-B6B3-447D3F47D829}
	EndGlobalSection
EndGlobal
